
Microsoft Visual Studio Solution File, Format Version 12.00
Project("{2150E333-8FDC-42A3-9474-1A3956D46DE8}") = "src", "src", "{AD1BA70D-E615-4468-874F-01BF7BF9224D}"
EndProject
Project("{2150E333-8FDC-42A3-9474-1A3956D46DE8}") = "tests", "tests", "{F9A69CC4-45F6-4BBC-9D61-732877D5106C}"
EndProject
Project("{FAE04EC0-301F-11D3-BF4B-00C04F79EFBC}") = "HugAPet.API", "src\HugAPet.API\HugAPet.API.csproj", "{009B01FF-7BDD-4759-AF1A-D1CC6599D641}"
EndProject
Project("{FAE04EC0-301F-11D3-BF4B-00C04F79EFBC}") = "HugAPet.Auth", "src\HugAPet.Auth\HugAPet.Auth.csproj", "{1A6C720A-BC20-4B32-A891-163CA08658E7}"
EndProject
Project("{2150E333-8FDC-42A3-9474-1A3956D46DE8}") = "infra", "infra", "{4C8E887B-8DAF-41E4-95F9-74B99C784119}"
	ProjectSection(SolutionItems) = preProject
		infra\README.md = infra\README.md
	EndProjectSection
EndProject
Project("{2150E333-8FDC-42A3-9474-1A3956D46DE8}") = "docker", "docker", "{8AFF5477-CECB-414E-B14B-A7B25A77A66D}"
	ProjectSection(SolutionItems) = preProject
		infra\docker\docker-compose.yml = infra\docker\docker-compose.yml
		infra\docker\nginx.conf = infra\docker\nginx.conf
	EndProjectSection
EndProject
Project("{FAE04EC0-301F-11D3-BF4B-00C04F79EFBC}") = "HugAPet.UserManagement", "src\HugAPet.UserManagement\HugAPet.UserManagement.csproj", "{89B946E9-48EB-400F-8BD9-ED3C862FAB61}"
EndProject
Project("{FAE04EC0-301F-11D3-BF4B-00C04F79EFBC}") = "HugAPet.UI", "src\HugAPet.UI\HugAPet.UI.csproj", "{A49AA48A-1353-419F-9708-047B41AB476A}"
EndProject
Global
	GlobalSection(SolutionConfigurationPlatforms) = preSolution
		Debug|Any CPU = Debug|Any CPU
		Release|Any CPU = Release|Any CPU
	EndGlobalSection
	GlobalSection(ProjectConfigurationPlatforms) = postSolution
		{009B01FF-7BDD-4759-AF1A-D1CC6599D641}.Debug|Any CPU.ActiveCfg = Debug|Any CPU
		{009B01FF-7BDD-4759-AF1A-D1CC6599D641}.Debug|Any CPU.Build.0 = Debug|Any CPU
		{009B01FF-7BDD-4759-AF1A-D1CC6599D641}.Release|Any CPU.ActiveCfg = Release|Any CPU
		{009B01FF-7BDD-4759-AF1A-D1CC6599D641}.Release|Any CPU.Build.0 = Release|Any CPU
		{1A6C720A-BC20-4B32-A891-163CA08658E7}.Debug|Any CPU.ActiveCfg = Debug|Any CPU
		{1A6C720A-BC20-4B32-A891-163CA08658E7}.Debug|Any CPU.Build.0 = Debug|Any CPU
		{1A6C720A-BC20-4B32-A891-163CA08658E7}.Release|Any CPU.ActiveCfg = Release|Any CPU
		{1A6C720A-BC20-4B32-A891-163CA08658E7}.Release|Any CPU.Build.0 = Release|Any CPU
		{89B946E9-48EB-400F-8BD9-ED3C862FAB61}.Debug|Any CPU.ActiveCfg = Debug|Any CPU
		{89B946E9-48EB-400F-8BD9-ED3C862FAB61}.Debug|Any CPU.Build.0 = Debug|Any CPU
		{89B946E9-48EB-400F-8BD9-ED3C862FAB61}.Release|Any CPU.ActiveCfg = Release|Any CPU
		{89B946E9-48EB-400F-8BD9-ED3C862FAB61}.Release|Any CPU.Build.0 = Release|Any CPU
		{A49AA48A-1353-419F-9708-047B41AB476A}.Debug|Any CPU.ActiveCfg = Debug|Any CPU
		{A49AA48A-1353-419F-9708-047B41AB476A}.Debug|Any CPU.Build.0 = Debug|Any CPU
		{A49AA48A-1353-419F-9708-047B41AB476A}.Release|Any CPU.ActiveCfg = Release|Any CPU
		{A49AA48A-1353-419F-9708-047B41AB476A}.Release|Any CPU.Build.0 = Release|Any CPU
	EndGlobalSection
	GlobalSection(NestedProjects) = preSolution
		{009B01FF-7BDD-4759-AF1A-D1CC6599D641} = {AD1BA70D-E615-4468-874F-01BF7BF9224D}
		{1A6C720A-BC20-4B32-A891-163CA08658E7} = {AD1BA70D-E615-4468-874F-01BF7BF9224D}
		{8AFF5477-CECB-414E-B14B-A7B25A77A66D} = {4C8E887B-8DAF-41E4-95F9-74B99C784119}
		{89B946E9-48EB-400F-8BD9-ED3C862FAB61} = {AD1BA70D-E615-4468-874F-01BF7BF9224D}
		{A49AA48A-1353-419F-9708-047B41AB476A} = {AD1BA70D-E615-4468-874F-01BF7BF9224D}
	EndGlobalSection
EndGlobal
